
Microsoft Visual Studio Solution File, Format Version 12.00
# Visual Studio Version 17
VisualStudioVersion = 17.5.33530.505
MinimumVisualStudioVersion = 10.0.40219.1
Project("{9A19103F-16F7-4668-BE54-9A1E7A4F7556}") = "AccountOwnerServer", "AccountOwnerServer\AccountOwnerServer.csproj", "{024DC194-7418-43B5-A814-0EB56DECDDC7}"
EndProject
Project("{9A19103F-16F7-4668-BE54-9A1E7A4F7556}") = "Contracts", "Contracts\Contracts.csproj", "{3FF71094-1F80-4DAE-99B0-DB75A57302B5}"
EndProject
Project("{9A19103F-16F7-4668-BE54-9A1E7A4F7556}") = "LoggerService", "LoggerService\LoggerService.csproj", "{66B1ACCB-48B4-47ED-A1A4-59D59497CB0E}"
EndProject
Project("{FAE04EC0-301F-11D3-BF4B-00C04F79EFBC}") = "Entities", "Entities\Entities.csproj", "{4B08EF91-36B4-4DAF-B28F-98C1284AC8BF}"
EndProject
Project("{FAE04EC0-301F-11D3-BF4B-00C04F79EFBC}") = "Repository", "Repository\Repository.csproj", "{8E2FC5A5-BE9A-477C-B502-AE83DD3CAFAF}"
EndProject
Global
	GlobalSection(SolutionConfigurationPlatforms) = preSolution
		Debug|Any CPU = Debug|Any CPU
		Release|Any CPU = Release|Any CPU
	EndGlobalSection
	GlobalSection(ProjectConfigurationPlatforms) = postSolution
		{024DC194-7418-43B5-A814-0EB56DECDDC7}.Debug|Any CPU.ActiveCfg = Debug|Any CPU
		{024DC194-7418-43B5-A814-0EB56DECDDC7}.Debug|Any CPU.Build.0 = Debug|Any CPU
		{024DC194-7418-43B5-A814-0EB56DECDDC7}.Release|Any CPU.ActiveCfg = Release|Any CPU
		{024DC194-7418-43B5-A814-0EB56DECDDC7}.Release|Any CPU.Build.0 = Release|Any CPU
		{3FF71094-1F80-4DAE-99B0-DB75A57302B5}.Debug|Any CPU.ActiveCfg = Debug|Any CPU
		{3FF71094-1F80-4DAE-99B0-DB75A57302B5}.Debug|Any CPU.Build.0 = Debug|Any CPU
		{3FF71094-1F80-4DAE-99B0-DB75A57302B5}.Release|Any CPU.ActiveCfg = Release|Any CPU
		{3FF71094-1F80-4DAE-99B0-DB75A57302B5}.Release|Any CPU.Build.0 = Release|Any CPU
		{66B1ACCB-48B4-47ED-A1A4-59D59497CB0E}.Debug|Any CPU.ActiveCfg = Debug|Any CPU
		{66B1ACCB-48B4-47ED-A1A4-59D59497CB0E}.Debug|Any CPU.Build.0 = Debug|Any CPU
		{66B1ACCB-48B4-47ED-A1A4-59D59497CB0E}.Release|Any CPU.ActiveCfg = Release|Any CPU
		{66B1ACCB-48B4-47ED-A1A4-59D59497CB0E}.Release|Any CPU.Build.0 = Release|Any CPU
		{4B08EF91-36B4-4DAF-B28F-98C1284AC8BF}.Debug|Any CPU.ActiveCfg = Debug|Any CPU
		{4B08EF91-36B4-4DAF-B28F-98C1284AC8BF}.Debug|Any CPU.Build.0 = Debug|Any CPU
		{4B08EF91-36B4-4DAF-B28F-98C1284AC8BF}.Release|Any CPU.ActiveCfg = Release|Any CPU
		{4B08EF91-36B4-4DAF-B28F-98C1284AC8BF}.Release|Any CPU.Build.0 = Release|Any CPU
		{8E2FC5A5-BE9A-477C-B502-AE83DD3CAFAF}.Debug|Any CPU.ActiveCfg = Debug|Any CPU
		{8E2FC5A5-BE9A-477C-B502-AE83DD3CAFAF}.Debug|Any CPU.Build.0 = Debug|Any CPU
		{8E2FC5A5-BE9A-477C-B502-AE83DD3CAFAF}.Release|Any CPU.ActiveCfg = Release|Any CPU
		{8E2FC5A5-BE9A-477C-B502-AE83DD3CAFAF}.Release|Any CPU.Build.0 = Release|Any CPU
	EndGlobalSection
	GlobalSection(SolutionProperties) = preSolution
		HideSolutionNode = FALSE
	EndGlobalSection
	GlobalSection(ExtensibilityGlobals) = postSolution
		SolutionGuid = {3861195E-328C-4136-BEE3-B1D9C370F5FE}
	EndGlobalSection
EndGlobal
