
Microsoft Visual Studio Solution File, Format Version 12.00
# Visual Studio Version 17
VisualStudioVersion = 17.5.33530.505
MinimumVisualStudioVersion = 10.0.40219.1
Project("{9A19103F-16F7-4668-BE54-9A1E7A4F7556}") = "TodoApp", "TodoApp\TodoApp.csproj", "{E9D91D0A-AEE4-4B1F-9426-EDFC10A638BA}"
EndProject
Project("{9A19103F-16F7-4668-BE54-9A1E7A4F7556}") = "Entities", "Entities\Entities.csproj", "{B932B2A5-A6CD-4446-9D7C-EB02A4CD8B4A}"
EndProject
Project("{9A19103F-16F7-4668-BE54-9A1E7A4F7556}") = "Repository", "Repository\Repository.csproj", "{9D3F11C5-FE1D-4F57-9708-4510B4524E82}"
EndProject
Project("{9A19103F-16F7-4668-BE54-9A1E7A4F7556}") = "Database", "Database\Database.csproj", "{CBFA85D5-C1AC-4AE7-A6DC-82015C8DC5A2}"
EndProject
Project("{9A19103F-16F7-4668-BE54-9A1E7A4F7556}") = "Contract", "Contract\Contract.csproj", "{B2F296DC-672A-4235-9A4D-B719A07B0CFA}"
EndProject
Project("{9A19103F-16F7-4668-BE54-9A1E7A4F7556}") = "Common", "Common\Common.csproj", "{C1BBDA5A-5D44-493D-B426-466B5FEEC88D}"
EndProject
Project("{9A19103F-16F7-4668-BE54-9A1E7A4F7556}") = "WebApiTests", "TestProject1\WebApiTests.csproj", "{C6534FBC-2EE6-45B9-8805-70E82A13A6F0}"
EndProject
Project("{9A19103F-16F7-4668-BE54-9A1E7A4F7556}") = "CustomMiddlewares", "CustomMiddlewares\CustomMiddlewares.csproj", "{E9394EB2-9B7F-4BC8-85E8-CFD8C6E83C39}"
EndProject
Global
	GlobalSection(SolutionConfigurationPlatforms) = preSolution
		Debug|Any CPU = Debug|Any CPU
		Release|Any CPU = Release|Any CPU
	EndGlobalSection
	GlobalSection(ProjectConfigurationPlatforms) = postSolution
		{E9D91D0A-AEE4-4B1F-9426-EDFC10A638BA}.Debug|Any CPU.ActiveCfg = Debug|Any CPU
		{E9D91D0A-AEE4-4B1F-9426-EDFC10A638BA}.Debug|Any CPU.Build.0 = Debug|Any CPU
		{E9D91D0A-AEE4-4B1F-9426-EDFC10A638BA}.Release|Any CPU.ActiveCfg = Release|Any CPU
		{E9D91D0A-AEE4-4B1F-9426-EDFC10A638BA}.Release|Any CPU.Build.0 = Release|Any CPU
		{B932B2A5-A6CD-4446-9D7C-EB02A4CD8B4A}.Debug|Any CPU.ActiveCfg = Debug|Any CPU
		{B932B2A5-A6CD-4446-9D7C-EB02A4CD8B4A}.Debug|Any CPU.Build.0 = Debug|Any CPU
		{B932B2A5-A6CD-4446-9D7C-EB02A4CD8B4A}.Release|Any CPU.ActiveCfg = Release|Any CPU
		{B932B2A5-A6CD-4446-9D7C-EB02A4CD8B4A}.Release|Any CPU.Build.0 = Release|Any CPU
		{9D3F11C5-FE1D-4F57-9708-4510B4524E82}.Debug|Any CPU.ActiveCfg = Debug|Any CPU
		{9D3F11C5-FE1D-4F57-9708-4510B4524E82}.Debug|Any CPU.Build.0 = Debug|Any CPU
		{9D3F11C5-FE1D-4F57-9708-4510B4524E82}.Release|Any CPU.ActiveCfg = Release|Any CPU
		{9D3F11C5-FE1D-4F57-9708-4510B4524E82}.Release|Any CPU.Build.0 = Release|Any CPU
		{CBFA85D5-C1AC-4AE7-A6DC-82015C8DC5A2}.Debug|Any CPU.ActiveCfg = Debug|Any CPU
		{CBFA85D5-C1AC-4AE7-A6DC-82015C8DC5A2}.Debug|Any CPU.Build.0 = Debug|Any CPU
		{CBFA85D5-C1AC-4AE7-A6DC-82015C8DC5A2}.Release|Any CPU.ActiveCfg = Release|Any CPU
		{CBFA85D5-C1AC-4AE7-A6DC-82015C8DC5A2}.Release|Any CPU.Build.0 = Release|Any CPU
		{B2F296DC-672A-4235-9A4D-B719A07B0CFA}.Debug|Any CPU.ActiveCfg = Debug|Any CPU
		{B2F296DC-672A-4235-9A4D-B719A07B0CFA}.Debug|Any CPU.Build.0 = Debug|Any CPU
		{B2F296DC-672A-4235-9A4D-B719A07B0CFA}.Release|Any CPU.ActiveCfg = Release|Any CPU
		{B2F296DC-672A-4235-9A4D-B719A07B0CFA}.Release|Any CPU.Build.0 = Release|Any CPU
		{C1BBDA5A-5D44-493D-B426-466B5FEEC88D}.Debug|Any CPU.ActiveCfg = Debug|Any CPU
		{C1BBDA5A-5D44-493D-B426-466B5FEEC88D}.Debug|Any CPU.Build.0 = Debug|Any CPU
		{C1BBDA5A-5D44-493D-B426-466B5FEEC88D}.Release|Any CPU.ActiveCfg = Release|Any CPU
		{C1BBDA5A-5D44-493D-B426-466B5FEEC88D}.Release|Any CPU.Build.0 = Release|Any CPU
		{C6534FBC-2EE6-45B9-8805-70E82A13A6F0}.Debug|Any CPU.ActiveCfg = Debug|Any CPU
		{C6534FBC-2EE6-45B9-8805-70E82A13A6F0}.Debug|Any CPU.Build.0 = Debug|Any CPU
		{C6534FBC-2EE6-45B9-8805-70E82A13A6F0}.Release|Any CPU.ActiveCfg = Release|Any CPU
		{C6534FBC-2EE6-45B9-8805-70E82A13A6F0}.Release|Any CPU.Build.0 = Release|Any CPU
		{E9394EB2-9B7F-4BC8-85E8-CFD8C6E83C39}.Debug|Any CPU.ActiveCfg = Debug|Any CPU
		{E9394EB2-9B7F-4BC8-85E8-CFD8C6E83C39}.Debug|Any CPU.Build.0 = Debug|Any CPU
		{E9394EB2-9B7F-4BC8-85E8-CFD8C6E83C39}.Release|Any CPU.ActiveCfg = Release|Any CPU
		{E9394EB2-9B7F-4BC8-85E8-CFD8C6E83C39}.Release|Any CPU.Build.0 = Release|Any CPU
	EndGlobalSection
	GlobalSection(SolutionProperties) = preSolution
		HideSolutionNode = FALSE
	EndGlobalSection
	GlobalSection(ExtensibilityGlobals) = postSolution
		SolutionGuid = {BB883487-DB61-43B5-B301-02983FC0E879}
	EndGlobalSection
EndGlobal
